lockfileVersion: 5.4

specifiers:
  '@rollup/plugin-commonjs': ^22.0.2
  '@rollup/plugin-json': ^4.1.0
  '@rollup/plugin-node-resolve': ^14.1.0
  axios: ^0.27.2
  rollup: ^2.79.1

dependencies:
  '@rollup/plugin-node-resolve': 14.1.0_rollup@2.79.1
  axios: 0.27.2

devDependencies:
  '@rollup/plugin-commonjs': 22.0.2_rollup@2.79.1
  '@rollup/plugin-json': 4.1.0_rollup@2.79.1
  rollup: 2.79.1

packages:

  /@rollup/plugin-commonjs/22.0.2_rollup@2.79.1:
    resolution: {integrity: sha512-//NdP6iIwPbMTcazYsiBMbJW7gfmpHom33u1beiIoHDEM0Q9clvtQB1T0efvMqHeKsGohiHo97BCPCkBXdscwg==}
    engines: {node: '>= 12.0.0'}
    peerDependencies:
      rollup: ^2.68.0
    dependencies:
      '@rollup/pluginutils': 3.1.0_rollup@2.79.1
      commondir: 1.0.1
      estree-walker: 2.0.2
      glob: 7.2.3
      is-reference: 1.2.1
      magic-string: 0.25.9
      resolve: 1.22.1
      rollup: 2.79.1
    dev: true

  /@rollup/plugin-json/4.1.0_rollup@2.79.1:
    resolution: {integrity: sha1-VOCYZ65pY8WThE2L16nHGClElvM=}
    peerDependencies:
      rollup: ^1.20.0 || ^2.0.0
    dependencies:
      '@rollup/pluginutils': 3.1.0_rollup@2.79.1
      rollup: 2.79.1
    dev: true

  /@rollup/plugin-node-resolve/14.1.0_rollup@2.79.1:
    resolution: {integrity: sha512-5G2niJroNCz/1zqwXtk0t9+twOSDlG00k1Wfd7bkbbXmwg8H8dvgHdIWAun53Ps/rckfvOC7scDBjuGFg5OaWw==}
    engines: {node: '>= 10.0.0'}
    peerDependencies:
      rollup: ^2.78.0
    dependencies:
      '@rollup/pluginutils': 3.1.0_rollup@2.79.1
      '@types/resolve': 1.17.1
      deepmerge: 4.2.2
      is-builtin-module: 3.2.0
      is-module: 1.0.0
      resolve: 1.22.1
      rollup: 2.79.1
    dev: false

  /@rollup/pluginutils/3.1.0_rollup@2.79.1:
    resolution: {integrity: sha1-cGtFJO5tyLEDs8mVUz5a1oDAK5s=}
    engines: {node: '>= 8.0.0'}
    peerDependencies:
      rollup: ^1.20.0||^2.0.0
    dependencies:
      '@types/estree': 0.0.39
      estree-walker: 1.0.1
      picomatch: 2.3.1
      rollup: 2.79.1

  /@types/estree/0.0.39:
    resolution: {integrity: sha1-4Xfmme4bjCLSMXTKqnQiZEOJUJ8=}

  /@types/node/18.7.23:
    resolution: {integrity: sha512-DWNcCHolDq0ZKGizjx2DZjR/PqsYwAcYUJmfMWqtVU2MBMG5Mo+xFZrhGId5r/O5HOuMPyQEcM6KUBp5lBZZBg==}
    dev: false

  /@types/resolve/1.17.1:
    resolution: {integrity: sha1-Ov1q2JZ8d+Q3bFmKgt3Vj0bsRdY=}
    dependencies:
      '@types/node': 18.7.23
    dev: false

  /asynckit/0.4.0:
    resolution: {integrity: sha1-x57Zf380y48robyXkLzDZkdLS3k=}
    dev: false

  /axios/0.27.2:
    resolution: {integrity: sha512-t+yRIyySRTp/wua5xEr+z1q60QmLq8ABsS5O9Me1AsE5dfKqgnCFzwiCZZ/cGNd1lq4/7akDWMxdhVlucjmnOQ==}
    dependencies:
      follow-redirects: 1.15.2
      form-data: 4.0.0
    transitivePeerDependencies:
      - debug
    dev: false

  /balanced-match/1.0.2:
    resolution: {integrity: sha1-6D46fj8wCzTLnYf2FfoMvzV2kO4=}
    dev: true

  /brace-expansion/1.1.11:
    resolution: {integrity: sha1-PH/L9SnYcibz0vUrlm/1Jx60Qd0=}
    dependencies:
      balanced-match: 1.0.2
      concat-map: 0.0.1
    dev: true

  /builtin-modules/3.3.0:
    resolution: {integrity: sha512-zhaCDicdLuWN5UbN5IMnFqNMhNfo919sH85y2/ea+5Yg9TsTkeZxpL+JLbp6cgYFS4sRLp3YV4S6yDuqVWHYOw==}
    engines: {node: '>=6'}
    dev: false

  /combined-stream/1.0.8:
    resolution: {integrity: sha1-w9RaizT9cwYxoRCoolIGgrMdWn8=}
    engines: {node: '>= 0.8'}
    dependencies:
      delayed-stream: 1.0.0
    dev: false

  /commondir/1.0.1:
    resolution: {integrity: sha1-3dgA2gxmEnOTzKWVDqloo6rxJTs=}
    dev: true

  /concat-map/0.0.1:
    resolution: {integrity: sha1-2Klr13/Wjfd5OnMDajug1UBdR3s=}
    dev: true

  /deepmerge/4.2.2:
    resolution: {integrity: sha1-RNLqNnm49NT/ujPwPYZfwee/SVU=}
    engines: {node: '>=0.10.0'}
    dev: false

  /delayed-stream/1.0.0:
    resolution: {integrity: sha1-3zrhmayt+31ECqrgsp4icrJOxhk=}
    engines: {node: '>=0.4.0'}
    dev: false

  /estree-walker/1.0.1:
    resolution: {integrity: sha1-MbxdYSyWtwQQa0d+bdXYqhOMtwA=}

  /estree-walker/2.0.2:
    resolution: {integrity: sha1-UvAQF4wqTBF6d1fP6UKtt9LaTKw=}
    dev: true

  /follow-redirects/1.15.2:
    resolution: {integrity: sha512-VQLG33o04KaQ8uYi2tVNbdrWp1QWxNNea+nmIB4EVM28v0hmP17z7aG1+wAkNzVq4KeXTq3221ye5qTJP91JwA==}
    engines: {node: '>=4.0'}
    peerDependencies:
      debug: '*'
    peerDependenciesMeta:
      debug:
        optional: true
    dev: false

  /form-data/4.0.0:
    resolution: {integrity: sha1-k5Gdrq82HuUpWEubMWZNwSyfpFI=}
    engines: {node: '>= 6'}
    dependencies:
      asynckit: 0.4.0
      combined-stream: 1.0.8
      mime-types: 2.1.35
    dev: false

  /fs.realpath/1.0.0:
    resolution: {integrity: sha1-FQStJSMVjKpA20onh8sBQRmU6k8=}
    dev: true

  /fsevents/2.3.2:
    resolution: {integrity: sha1-ilJveLj99GI7cJ4Ll1xSwkwC/Ro=}
    engines: {node: ^8.16.0 || ^10.6.0 || >=11.0.0}
    os: [darwin]
    requiresBuild: true
    optional: true

  /function-bind/1.1.1:
    resolution: {integrity: sha1-pWiZ0+o8m6uHS7l3O3xe3pL0iV0=}

  /glob/7.2.3:
    resolution: {integrity: sha512-nFR0zLpU2YCaRxwoCJvL6UvCH2JFyFVIvwTLsIf21AuHlMskA1hhTdk+LlYJtOlYt9v6dvszD2BGRqBL+iQK9Q==}
    dependencies:
      fs.realpath: 1.0.0
      inflight: 1.0.6
      inherits: 2.0.4
      minimatch: 3.1.2
      once: 1.4.0
      path-is-absolute: 1.0.1
    dev: true

  /has/1.0.3:
    resolution: {integrity: sha1-ci18v8H2qoJB8W3YFOAR4fQeh5Y=}
    engines: {node: '>= 0.4.0'}
    dependencies:
      function-bind: 1.1.1

  /inflight/1.0.6:
    resolution: {integrity: sha1-Sb1jMdfQLQwJvJEKEHW6gWW1bfk=}
    dependencies:
      once: 1.4.0
      wrappy: 1.0.2
    dev: true

  /inherits/2.0.4:
    resolution: {integrity: sha1-D6LGT5MpF8NDOg3tVTY6rjdBa3w=}
    dev: true

  /is-builtin-module/3.2.0:
    resolution: {integrity: sha512-phDA4oSGt7vl1n5tJvTWooWWAsXLY+2xCnxNqvKhGEzujg+A43wPlPOyDg3C8XQHN+6k/JTQWJ/j0dQh/qr+Hw==}
    engines: {node: '>=6'}
    dependencies:
      builtin-modules: 3.3.0
    dev: false

  /is-core-module/2.10.0:
    resolution: {integrity: sha512-Erxj2n/LDAZ7H8WNJXd9tw38GYM3dv8rk8Zcs+jJuxYTW7sozH+SS8NtrSjVL1/vpLvWi1hxy96IzjJ3EHTJJg==}
    dependencies:
      has: 1.0.3

  /is-module/1.0.0:
    resolution: {integrity: sha1-Mlj7afeMFNW4FdZkM2tM/7ZEFZE=}
    dev: false

  /is-reference/1.2.1:
    resolution: {integrity: sha1-iy2sCzcfS8mU/eq6nrVC0DAC0Lc=}
    dependencies:
      '@types/estree': 0.0.39
    dev: true

  /magic-string/0.25.9:
    resolution: {integrity: sha512-RmF0AsMzgt25qzqqLc1+MbHmhdx0ojF2Fvs4XnOqz2ZOBXzzkEwc/dJQZCYHAn7v1jbVOjAZfK8msRn4BxO4VQ==}
    dependencies:
      sourcemap-codec: 1.4.8
    dev: true

  /mime-db/1.52.0:
    resolution: {integrity: sha512-sPU4uV7dYlvtWJxwwxHD0PuihVNiE7TyAbQ5SWxDCB9mUYvOgroQOwYQQOKPJ8CIbE+1ETVlOoK1UC2nU3gYvg==}
    engines: {node: '>= 0.6'}
    dev: false

  /mime-types/2.1.35:
    resolution: {integrity: sha512-ZDY+bPm5zTTF+YpCrAU9nK0UgICYPT0QtT1NZWFv4s++TNkcgVaT0g6+4R2uI4MjQjzysHB1zxuWL50hzaeXiw==}
    engines: {node: '>= 0.6'}
    dependencies:
      mime-db: 1.52.0
    dev: false

  /minimatch/3.1.2:
    resolution: {integrity: sha512-J7p63hRiAjw1NDEww1W7i37+ByIrOWO5XQQAzZ3VOcL0PNybwpfmV/N05zFAzwQ9USyEcX6t3UO+K5aqBQOIHw==}
    dependencies:
      brace-expansion: 1.1.11
    dev: true

  /once/1.4.0:
    resolution: {integrity: sha1-WDsap3WWHUsROsF9nFC6753Xa9E=}
    dependencies:
      wrappy: 1.0.2
    dev: true

  /path-is-absolute/1.0.1:
    resolution: {integrity: sha1-F0uSaHNVNP+8es5r9TpanhtcX18=}
    engines: {node: '>=0.10.0'}
    dev: true

  /path-parse/1.0.7:
    resolution: {integrity: sha1-+8EUtgykKzDZ2vWFjkvWi77bZzU=}

  /picomatch/2.3.1:
    resolution: {integrity: sha512-JU3teHTNjmE2VCGFzuY8EXzCDVwEqB2a8fsIvwaStHhAWJEeVd1o1QD80CU6+ZdEXXSLbSsuLwJjkCBWqRQUVA==}
    engines: {node: '>=8.6'}

  /resolve/1.22.1:
    resolution: {integrity: sha512-nBpuuYuY5jFsli/JIs1oldw6fOQCBioohqWZg/2hiaOybXOft4lonv85uDOKXdf8rhyK159cxU5cDcK/NKk8zw==}
    hasBin: true
    dependencies:
      is-core-module: 2.10.0
      path-parse: 1.0.7
      supports-preserve-symlinks-flag: 1.0.0

  /rollup/2.79.1:
    resolution: {integrity: sha512-uKxbd0IhMZOhjAiD5oAFp7BqvkA4Dv47qpOCtaNvng4HBwdbWtdOh8f5nZNuk2rp51PMGk3bzfWu5oayNEuYnw==}
    engines: {node: '>=10.0.0'}
    hasBin: true
    optionalDependencies:
      fsevents: 2.3.2

  /sourcemap-codec/1.4.8:
    resolution: {integrity: sha1-6oBL2UhXQC5pktBaOO8a41qatMQ=}
    dev: true

  /supports-preserve-symlinks-flag/1.0.0:
    resolution: {integrity: sha512-ot0WnXS9fgdkgIcePe6RHNk1WA8+muPa6cSjeR3V8K27q9BB1rTE3R1p7Hv0z1ZyAc8s6Vvv8DIyWf681MAt0w==}
    engines: {node: '>= 0.4'}

  /wrappy/1.0.2:
    resolution: {integrity: sha1-tSQ9jz7BqjXxNkYFvA0QNuMKtp8=}
    dev: true
